// !$*UTF8*$!
{
	archiveVersion = 1;
	classes = {
	};
	objectVersion = 77;
	objects = {

/* Begin PBXBuildFile section */
		B0D6E700000000000000A054 /* Models.swift in Sources */ = {isa = PBXBuildFile; fileRef = B0D6E700000000000000A051 /* Models.swift */; };
		B0D6E700000000000000A055 /* Finance.swift in Sources */ = {isa = PBXBuildFile; fileRef = B0D6E700000000000000A052 /* Finance.swift */; };
		B0D6E700000000000000A056 /* Theme.swift in Sources */ = {isa = PBXBuildFile; fileRef = B0D6E700000000000000A053 /* Theme.swift */; };
		B0D6E700000000000000A071 /* AppPaths.swift in Sources */ = {isa = PBXBuildFile; fileRef = B0D6E700000000000000A070 /* AppPaths.swift */; };
		B0D6E700000000000000A057 /* Models.swift in Sources */ = {isa = PBXBuildFile; fileRef = B0D6E700000000000000A051 /* Models.swift */; };
		B0D6E700000000000000A058 /* Finance.swift in Sources */ = {isa = PBXBuildFile; fileRef = B0D6E700000000000000A052 /* Finance.swift */; };
		B0D6E700000000000000A059 /* Theme.swift in Sources */ = {isa = PBXBuildFile; fileRef = B0D6E700000000000000A053 /* Theme.swift */; };
		B0D6E700000000000000A063 /* BudgetWidgets.swift in Sources */ = {isa = PBXBuildFile; fileRef = B0D6E700000000000000A061 /* BudgetWidgets.swift */; };
		B0D6E700000000000000A06D /* BudgetWidgets.appex in Embed Foundation Extensions */ = {isa = PBXBuildFile; fileRef = B0D6E700000000000000A064 /* BudgetWidgets.appex */; settings = {ATTRIBUTES = (RemoveHeadersOnCopy, ); }; };
/* End PBXBuildFile section */

/* Begin PBXContainerItemProxy section */
		B0D6E700000000000000A06F /* PBXContainerItemProxy */ = {
			isa = PBXContainerItemProxy;
			containerPortal = B0D6E700000000000000A001 /* Project object */;
			proxyType = 1;
			remoteGlobalIDString = B0D6E700000000000000A065;
			remoteInfo = BudgetWidgets;
		};
/* End PBXContainerItemProxy section */

/* Begin PBXCopyFilesBuildPhase section */
		B0D6E700000000000000A06C /* Embed Foundation Extensions */ = {
			isa = PBXCopyFilesBuildPhase;
			buildActionMask = 2147483647;
			dstPath = "";
			dstSubfolderSpec = 13;
			files = (
				B0D6E700000000000000A06D /* BudgetWidgets.appex in Embed Foundation Extensions */,
			);
			name = "Embed Foundation Extensions";
			runOnlyForDeploymentPostprocessing = 0;
		};
/* End PBXCopyFilesBuildPhase section */

/* Begin PBXFileReference section */
		B0D6E700000000000000A005 /* Budget.app */ = {isa = PBXFileReference; explicitFileType = wrapper.application; includeInIndex = 0; path = Budget.app; sourceTree = BUILT_PRODUCTS_DIR; };
		B0D6E700000000000000A051 /* Models.swift */ = {isa = PBXFileReference; lastKnownFileType = sourcecode.swift; path = Models.swift; sourceTree = "<group>"; };
		B0D6E700000000000000A052 /* Finance.swift */ = {isa = PBXFileReference; lastKnownFileType = sourcecode.swift; path = Finance.swift; sourceTree = "<group>"; };
		B0D6E700000000000000A053 /* Theme.swift */ = {isa = PBXFileReference; lastKnownFileType = sourcecode.swift; path = Theme.swift; sourceTree = "<group>"; };
		B0D6E700000000000000A070 /* AppPaths.swift */ = {isa = PBXFileReference; lastKnownFileType = sourcecode.swift; path = AppPaths.swift; sourceTree = "<group>"; };
		B0D6E700000000000000A061 /* BudgetWidgets.swift */ = {isa = PBXFileReference; lastKnownFileType = sourcecode.swift; path = BudgetWidgets.swift; sourceTree = "<group>"; };
		B0D6E700000000000000A062 /* Info.plist */ = {isa = PBXFileReference; lastKnownFileType = text.plist.xml; path = Info.plist; sourceTree = "<group>"; };
		B0D6E700000000000000A064 /* BudgetWidgets.appex */ = {isa = PBXFileReference; explicitFileType = "wrapper.app-extension"; includeInIndex = 0; path = BudgetWidgets.appex; sourceTree = BUILT_PRODUCTS_DIR; };
/* End PBXFileReference section */

/* Begin PBXFileSystemSynchronizedRootGroup section */
		B0D6E700000000000000A003 /* Budget */ = {
			isa = PBXFileSystemSynchronizedRootGroup;
			path = Budget;
			sourceTree = "<group>";
		};
/* End PBXFileSystemSynchronizedRootGroup section */

/* Begin PBXFrameworksBuildPhase section */
		B0D6E700000000000000A008 /* Frameworks */ = {
			isa = PBXFrameworksBuildPhase;
			buildActionMask = 2147483647;
			files = (
			);
			runOnlyForDeploymentPostprocessing = 0;
		};
		B0D6E700000000000000A067 /* Frameworks */ = {
			isa = PBXFrameworksBuildPhase;
			buildActionMask = 2147483647;
			files = (
			);
			runOnlyForDeploymentPostprocessing = 0;
		};
/* End PBXFrameworksBuildPhase section */

/* Begin PBXGroup section */
		B0D6E700000000000000A002 = {
			isa = PBXGroup;
			children = (
				B0D6E700000000000000A003 /* Budget */,
				B0D6E700000000000000A050 /* Shared */,
				B0D6E700000000000000A060 /* BudgetWidgets */,
				B0D6E700000000000000A004 /* Products */,
			);
			sourceTree = "<group>";
		};
		B0D6E700000000000000A004 /* Products */ = {
			isa = PBXGroup;
			children = (
				B0D6E700000000000000A005 /* Budget.app */,
				B0D6E700000000000000A064 /* BudgetWidgets.appex */,
			);
			name = Products;
			sourceTree = "<group>";
		};
		B0D6E700000000000000A050 /* Shared */ = {
			isa = PBXGroup;
			children = (
				B0D6E700000000000000A051 /* Models.swift */,
				B0D6E700000000000000A052 /* Finance.swift */,
				B0D6E700000000000000A053 /* Theme.swift */,
				B0D6E700000000000000A070 /* AppPaths.swift */,
			);
			path = Shared;
			sourceTree = "<group>";
		};
		B0D6E700000000000000A060 /* BudgetWidgets */ = {
			isa = PBXGroup;
			children = (
				B0D6E700000000000000A061 /* BudgetWidgets.swift */,
				B0D6E700000000000000A062 /* Info.plist */,
			);
			path = BudgetWidgets;
			sourceTree = "<group>";
		};
/* End PBXGroup section */

/* Begin PBXNativeTarget section */
		B0D6E700000000000000A006 /* Budget */ = {
			isa = PBXNativeTarget;
			buildConfigurationList = B0D6E700000000000000A011 /* Build configuration list for PBXNativeTarget "Budget" */;
			buildPhases = (
				B0D6E700000000000000A007 /* Sources */,
				B0D6E700000000000000A008 /* Frameworks */,
				B0D6E700000000000000A009 /* Resources */,
				B0D6E700000000000000A06C /* Embed Foundation Extensions */,
			);
			buildRules = (
			);
			dependencies = (
				B0D6E700000000000000A06E /* PBXTargetDependency */,
			);
			fileSystemSynchronizedGroups = (
				B0D6E700000000000000A003 /* Budget */,
			);
			name = Budget;
			productName = Budget;
			productReference = B0D6E700000000000000A005 /* Budget.app */;
			productType = "com.apple.product-type.application";
		};
		B0D6E700000000000000A065 /* BudgetWidgets */ = {
			isa = PBXNativeTarget;
			buildConfigurationList = B0D6E700000000000000A069 /* Build configuration list for PBXNativeTarget "BudgetWidgets" */;
			buildPhases = (
				B0D6E700000000000000A066 /* Sources */,
				B0D6E700000000000000A067 /* Frameworks */,
				B0D6E700000000000000A068 /* Resources */,
			);
			buildRules = (
			);
			dependencies = (
			);
			name = BudgetWidgets;
			productName = BudgetWidgets;
			productReference = B0D6E700000000000000A064 /* BudgetWidgets.appex */;
			productType = "com.apple.product-type.app-extension";
		};
/* End PBXNativeTarget section */

/* Begin PBXProject section */
		B0D6E700000000000000A001 /* Project object */ = {
			isa = PBXProject;
			attributes = {
				BuildIndependentTargetsInParallel = 1;
				LastSwiftUpdateCheck = 2650;
				LastUpgradeCheck = 2650;
				TargetAttributes = {
					B0D6E700000000000000A006 = {
						CreatedOnToolsVersion = 26.5;
					};
					B0D6E700000000000000A065 = {
						CreatedOnToolsVersion = 26.5;
					};
				};
			};
			buildConfigurationList = B0D6E700000000000000A010 /* Build configuration list for PBXProject "Budget" */;
			developmentRegion = en;
			hasScannedForEncodings = 0;
			knownRegions = (
				en,
				Base,
			);
			mainGroup = B0D6E700000000000000A002;
			minimizedProjectReferenceProxies = 1;
			preferredProjectObjectVersion = 77;
			productRefGroup = B0D6E700000000000000A004 /* Products */;
			projectDirPath = "";
			projectRoot = "";
			targets = (
				B0D6E700000000000000A006 /* Budget */,
				B0D6E700000000000000A065 /* BudgetWidgets */,
			);
		};
/* End PBXProject section */

/* Begin PBXResourcesBuildPhase section */
		B0D6E700000000000000A009 /* Resources */ = {
			isa = PBXResourcesBuildPhase;
			buildActionMask = 2147483647;
			files = (
			);
			runOnlyForDeploymentPostprocessing = 0;
		};
		B0D6E700000000000000A068 /* Resources */ = {
			isa = PBXResourcesBuildPhase;
			buildActionMask = 2147483647;
			files = (
			);
			runOnlyForDeploymentPostprocessing = 0;
		};
/* End PBXResourcesBuildPhase section */

/* Begin PBXSourcesBuildPhase section */
		B0D6E700000000000000A007 /* Sources */ = {
			isa = PBXSourcesBuildPhase;
			buildActionMask = 2147483647;
			files = (
				B0D6E700000000000000A054 /* Models.swift in Sources */,
				B0D6E700000000000000A055 /* Finance.swift in Sources */,
				B0D6E700000000000000A056 /* Theme.swift in Sources */,
				B0D6E700000000000000A071 /* AppPaths.swift in Sources */,
			);
			runOnlyForDeploymentPostprocessing = 0;
		};
		B0D6E700000000000000A066 /* Sources */ = {
			isa = PBXSourcesBuildPhase;
			buildActionMask = 2147483647;
			files = (
				B0D6E700000000000000A063 /* BudgetWidgets.swift in Sources */,
				B0D6E700000000000000A057 /* Models.swift in Sources */,
				B0D6E700000000000000A058 /* Finance.swift in Sources */,
				B0D6E700000000000000A059 /* Theme.swift in Sources */,
			);
			runOnlyForDeploymentPostprocessing = 0;
		};
/* End PBXSourcesBuildPhase section */

/* Begin PBXTargetDependency section */
		B0D6E700000000000000A06E /* PBXTargetDependency */ = {
			isa = PBXTargetDependency;
			name = BudgetWidgets;
			target = B0D6E700000000000000A065 /* BudgetWidgets */;
			targetProxy = B0D6E700000000000000A06F /* PBXContainerItemProxy */;
		};
/* End PBXTargetDependency section */

/* Begin XCBuildConfiguration section */
		B0D6E700000000000000A012 /* Debug */ = {
			isa = XCBuildConfiguration;
			buildSettings = {
				ALWAYS_SEARCH_USER_PATHS = NO;
				CLANG_ENABLE_MODULES = YES;
				CLANG_ENABLE_OBJC_ARC = YES;
				COPY_PHASE_STRIP = NO;
				DEBUG_INFORMATION_FORMAT = dwarf;
				ENABLE_STRICT_OBJC_MSGSEND = YES;
				ENABLE_TESTABILITY = YES;
				ENABLE_USER_SCRIPT_SANDBOXING = YES;
				GCC_OPTIMIZATION_LEVEL = 0;
				GCC_PREPROCESSOR_DEFINITIONS = (
					"DEBUG=1",
					"$(inherited)",
				);
				IPHONEOS_DEPLOYMENT_TARGET = 26.5;
				MTL_ENABLE_DEBUG_INFO = INCLUDE_SOURCE;
				ONLY_ACTIVE_ARCH = YES;
				SDKROOT = iphoneos;
				SWIFT_ACTIVE_COMPILATION_CONDITIONS = "DEBUG $(inherited)";
				SWIFT_OPTIMIZATION_LEVEL = "-Onone";
			};
			name = Debug;
		};
		B0D6E700000000000000A013 /* Release */ = {
			isa = XCBuildConfiguration;
			buildSettings = {
				ALWAYS_SEARCH_USER_PATHS = NO;
				CLANG_ENABLE_MODULES = YES;
				CLANG_ENABLE_OBJC_ARC = YES;
				COPY_PHASE_STRIP = NO;
				DEBUG_INFORMATION_FORMAT = "dwarf-with-dsym";
				ENABLE_NS_ASSERTIONS = NO;
				ENABLE_STRICT_OBJC_MSGSEND = YES;
				ENABLE_USER_SCRIPT_SANDBOXING = YES;
				IPHONEOS_DEPLOYMENT_TARGET = 26.5;
				MTL_ENABLE_DEBUG_INFO = NO;
				SDKROOT = iphoneos;
				SWIFT_COMPILATION_MODE = wholemodule;
				VALIDATE_PRODUCT = YES;
			};
			name = Release;
		};
		B0D6E700000000000000A014 /* Debug */ = {
			isa = XCBuildConfiguration;
			buildSettings = {
				ASSETCATALOG_COMPILER_APPICON_NAME = AppIcon;
				ASSETCATALOG_COMPILER_GLOBAL_ACCENT_COLOR_NAME = AccentColor;
				CLANG_ENABLE_MODULES = YES;
				CODE_SIGN_STYLE = Automatic;
				CURRENT_PROJECT_VERSION = 1;
				DEVELOPMENT_TEAM = FMF6YAVA23;
				ENABLE_PREVIEWS = YES;
				GENERATE_INFOPLIST_FILE = YES;
				INFOPLIST_KEY_NSFaceIDUsageDescription = "Budget uses Face ID to keep your finances private.";
				INFOPLIST_KEY_NSRemindersFullAccessUsageDescription = "Budget keeps your Send to Mum reminder updated with the amount to send.";
				INFOPLIST_KEY_UIApplicationSceneManifest_Generation = YES;
				INFOPLIST_KEY_UIApplicationSupportsIndirectInputEvents = YES;
				INFOPLIST_KEY_UILaunchScreen_Generation = YES;
				INFOPLIST_KEY_UISupportedInterfaceOrientations = UIInterfaceOrientationPortrait;
				INFOPLIST_KEY_UISupportedInterfaceOrientations_iPad = "UIInterfaceOrientationLandscapeLeft UIInterfaceOrientationLandscapeRight UIInterfaceOrientationPortrait UIInterfaceOrientationPortraitUpsideDown";
				LD_RUNPATH_SEARCH_PATHS = (
					"$(inherited)",
					"@executable_path/Frameworks",
				);
				MARKETING_VERSION = 1.0;
				PRODUCT_BUNDLE_IDENTIFIER = uk.flouty.Budget;
				PRODUCT_NAME = "$(TARGET_NAME)";
				SUPPORTS_MACCATALYST = YES;
				SUPPORTS_MAC_DESIGNED_FOR_IPHONE_IPAD = NO;
				SWIFT_APPROACHABLE_CONCURRENCY = YES;
				SWIFT_DEFAULT_ACTOR_ISOLATION = MainActor;
				SWIFT_EMIT_LOC_STRINGS = YES;
				SWIFT_OPTIMIZATION_LEVEL = "-Onone";
				SWIFT_VERSION = 5.0;
				TARGETED_DEVICE_FAMILY = "1,2";
			};
			name = Debug;
		};
		B0D6E700000000000000A015 /* Release */ = {
			isa = XCBuildConfiguration;
			buildSettings = {
				ASSETCATALOG_COMPILER_APPICON_NAME = AppIcon;
				ASSETCATALOG_COMPILER_GLOBAL_ACCENT_COLOR_NAME = AccentColor;
				CLANG_ENABLE_MODULES = YES;
				CODE_SIGN_STYLE = Automatic;
				CURRENT_PROJECT_VERSION = 1;
				DEVELOPMENT_TEAM = FMF6YAVA23;
				ENABLE_PREVIEWS = YES;
				GENERATE_INFOPLIST_FILE = YES;
				INFOPLIST_KEY_NSFaceIDUsageDescription = "Budget uses Face ID to keep your finances private.";
				INFOPLIST_KEY_NSRemindersFullAccessUsageDescription = "Budget keeps your Send to Mum reminder updated with the amount to send.";
				INFOPLIST_KEY_UIApplicationSceneManifest_Generation = YES;
				INFOPLIST_KEY_UIApplicationSupportsIndirectInputEvents = YES;
				INFOPLIST_KEY_UILaunchScreen_Generation = YES;
				INFOPLIST_KEY_UISupportedInterfaceOrientations = UIInterfaceOrientationPortrait;
				INFOPLIST_KEY_UISupportedInterfaceOrientations_iPad = "UIInterfaceOrientationLandscapeLeft UIInterfaceOrientationLandscapeRight UIInterfaceOrientationPortrait UIInterfaceOrientationPortraitUpsideDown";
				LD_RUNPATH_SEARCH_PATHS = (
					"$(inherited)",
					"@executable_path/Frameworks",
				);
				MARKETING_VERSION = 1.0;
				PRODUCT_BUNDLE_IDENTIFIER = uk.flouty.Budget;
				PRODUCT_NAME = "$(TARGET_NAME)";
				SUPPORTS_MACCATALYST = YES;
				SUPPORTS_MAC_DESIGNED_FOR_IPHONE_IPAD = NO;
				SWIFT_APPROACHABLE_CONCURRENCY = YES;
				SWIFT_DEFAULT_ACTOR_ISOLATION = MainActor;
				SWIFT_EMIT_LOC_STRINGS = YES;
				SWIFT_VERSION = 5.0;
				TARGETED_DEVICE_FAMILY = "1,2";
			};
			name = Release;
		};
		B0D6E700000000000000A06A /* Debug */ = {
			isa = XCBuildConfiguration;
			buildSettings = {
				CLANG_ENABLE_MODULES = YES;
				CODE_SIGN_STYLE = Automatic;
				CURRENT_PROJECT_VERSION = 1;
				DEVELOPMENT_TEAM = FMF6YAVA23;
				ENABLE_PREVIEWS = YES;
				GENERATE_INFOPLIST_FILE = NO;
				INFOPLIST_FILE = BudgetWidgets/Info.plist;
				IPHONEOS_DEPLOYMENT_TARGET = 26.5;
				LD_RUNPATH_SEARCH_PATHS = (
					"$(inherited)",
					"@executable_path/Frameworks",
					"@executable_path/../../Frameworks",
				);
				MARKETING_VERSION = 1.0;
				PRODUCT_BUNDLE_IDENTIFIER = uk.flouty.Budget.BudgetWidgets;
				PRODUCT_NAME = "$(TARGET_NAME)";
				SDKROOT = iphoneos;
				SKIP_INSTALL = YES;
				SUPPORTS_MACCATALYST = YES;
				SUPPORTS_MAC_DESIGNED_FOR_IPHONE_IPAD = NO;
				SWIFT_DEFAULT_ACTOR_ISOLATION = MainActor;
				SWIFT_EMIT_LOC_STRINGS = YES;
				SWIFT_OPTIMIZATION_LEVEL = "-Onone";
				SWIFT_VERSION = 5.0;
				TARGETED_DEVICE_FAMILY = "1,2";
			};
			name = Debug;
		};
		B0D6E700000000000000A06B /* Release */ = {
			isa = XCBuildConfiguration;
			buildSettings = {
				CLANG_ENABLE_MODULES = YES;
				CODE_SIGN_STYLE = Automatic;
				CURRENT_PROJECT_VERSION = 1;
				DEVELOPMENT_TEAM = FMF6YAVA23;
				ENABLE_PREVIEWS = YES;
				GENERATE_INFOPLIST_FILE = NO;
				INFOPLIST_FILE = BudgetWidgets/Info.plist;
				IPHONEOS_DEPLOYMENT_TARGET = 26.5;
				LD_RUNPATH_SEARCH_PATHS = (
					"$(inherited)",
					"@executable_path/Frameworks",
					"@executable_path/../../Frameworks",
				);
				MARKETING_VERSION = 1.0;
				PRODUCT_BUNDLE_IDENTIFIER = uk.flouty.Budget.BudgetWidgets;
				PRODUCT_NAME = "$(TARGET_NAME)";
				SDKROOT = iphoneos;
				SKIP_INSTALL = YES;
				SUPPORTS_MACCATALYST = YES;
				SUPPORTS_MAC_DESIGNED_FOR_IPHONE_IPAD = NO;
				SWIFT_DEFAULT_ACTOR_ISOLATION = MainActor;
				SWIFT_EMIT_LOC_STRINGS = YES;
				SWIFT_VERSION = 5.0;
				TARGETED_DEVICE_FAMILY = "1,2";
			};
			name = Release;
		};
/* End XCBuildConfiguration section */

/* Begin XCConfigurationList section */
		B0D6E700000000000000A010 /* Build configuration list for PBXProject "Budget" */ = {
			isa = XCConfigurationList;
			buildConfigurations = (
				B0D6E700000000000000A012 /* Debug */,
				B0D6E700000000000000A013 /* Release */,
			);
			defaultConfigurationIsVisible = 0;
			defaultConfigurationName = Release;
		};
		B0D6E700000000000000A011 /* Build configuration list for PBXNativeTarget "Budget" */ = {
			isa = XCConfigurationList;
			buildConfigurations = (
				B0D6E700000000000000A014 /* Debug */,
				B0D6E700000000000000A015 /* Release */,
			);
			defaultConfigurationIsVisible = 0;
			defaultConfigurationName = Release;
		};
		B0D6E700000000000000A069 /* Build configuration list for PBXNativeTarget "BudgetWidgets" */ = {
			isa = XCConfigurationList;
			buildConfigurations = (
				B0D6E700000000000000A06A /* Debug */,
				B0D6E700000000000000A06B /* Release */,
			);
			defaultConfigurationIsVisible = 0;
			defaultConfigurationName = Release;
		};
/* End XCConfigurationList section */
	};
	rootObject = B0D6E700000000000000A001 /* Project object */;
}
